
Microsoft Visual Studio Solution File, Format Version 12.00
# Visual Studio 15
VisualStudioVersion = 15.0.27130.2026
MinimumVisualStudioVersion = 10.0.40219.1
Project("{8BC9CEB8-8B4A-11D0-8D11-00A0C91BC942}") = "gbr.Tank", "gbr.Tank\gbr.Tank.vcxproj", "{47067BEC-F520-4623-9118-113FD751599D}"
EndProject
Project("{FAE04EC0-301F-11D3-BF4B-00C04F79EFBC}") = "gbr.Launcher", "gbr.Launcher\gbr.Launcher.csproj", "{8C0E8DCB-E9EE-4893-B66F-3F13968E7EEB}"
EndProject
Project("{8BC9CEB8-8B4A-11D0-8D11-00A0C91BC942}") = "gbr.Shared", "Dependencies\gbr.Shared\gbr.Shared.vcxproj", "{35D90458-EFBF-4A38-9C1B-C513FAC6D4D7}"
EndProject
Project("{8BC9CEB8-8B4A-11D0-8D11-00A0C91BC942}") = "GWCA", "Dependencies\GWCA\GWCA.2015.vcxproj", "{B3359F05-68CF-4E7F-B9D6-D106F6D48A38}"
EndProject
Global
	GlobalSection(SolutionConfigurationPlatforms) = preSolution
		Debug|Any CPU = Debug|Any CPU
		Debug|x64 = Debug|x64
		Debug|x86 = Debug|x86
		Release|Any CPU = Release|Any CPU
		Release|x64 = Release|x64
		Release|x86 = Release|x86
	EndGlobalSection
	GlobalSection(ProjectConfigurationPlatforms) = postSolution
		{47067BEC-F520-4623-9118-113FD751599D}.Debug|Any CPU.ActiveCfg = Debug|Win32
		{47067BEC-F520-4623-9118-113FD751599D}.Debug|x64.ActiveCfg = Debug|x64
		{47067BEC-F520-4623-9118-113FD751599D}.Debug|x64.Build.0 = Debug|x64
		{47067BEC-F520-4623-9118-113FD751599D}.Debug|x86.ActiveCfg = Debug|Win32
		{47067BEC-F520-4623-9118-113FD751599D}.Debug|x86.Build.0 = Debug|Win32
		{47067BEC-F520-4623-9118-113FD751599D}.Release|Any CPU.ActiveCfg = Release|Win32
		{47067BEC-F520-4623-9118-113FD751599D}.Release|x64.ActiveCfg = Release|x64
		{47067BEC-F520-4623-9118-113FD751599D}.Release|x64.Build.0 = Release|x64
		{47067BEC-F520-4623-9118-113FD751599D}.Release|x86.ActiveCfg = Release|Win32
		{47067BEC-F520-4623-9118-113FD751599D}.Release|x86.Build.0 = Release|Win32
		{8C0E8DCB-E9EE-4893-B66F-3F13968E7EEB}.Debug|Any CPU.ActiveCfg = Debug|Any CPU
		{8C0E8DCB-E9EE-4893-B66F-3F13968E7EEB}.Debug|Any CPU.Build.0 = Debug|Any CPU
		{8C0E8DCB-E9EE-4893-B66F-3F13968E7EEB}.Debug|x64.ActiveCfg = Debug|Any CPU
		{8C0E8DCB-E9EE-4893-B66F-3F13968E7EEB}.Debug|x64.Build.0 = Debug|Any CPU
		{8C0E8DCB-E9EE-4893-B66F-3F13968E7EEB}.Debug|x86.ActiveCfg = Debug|Any CPU
		{8C0E8DCB-E9EE-4893-B66F-3F13968E7EEB}.Debug|x86.Build.0 = Debug|Any CPU
		{8C0E8DCB-E9EE-4893-B66F-3F13968E7EEB}.Release|Any CPU.ActiveCfg = Release|Any CPU
		{8C0E8DCB-E9EE-4893-B66F-3F13968E7EEB}.Release|Any CPU.Build.0 = Release|Any CPU
		{8C0E8DCB-E9EE-4893-B66F-3F13968E7EEB}.Release|x64.ActiveCfg = Release|Any CPU
		{8C0E8DCB-E9EE-4893-B66F-3F13968E7EEB}.Release|x64.Build.0 = Release|Any CPU
		{8C0E8DCB-E9EE-4893-B66F-3F13968E7EEB}.Release|x86.ActiveCfg = Release|Any CPU
		{8C0E8DCB-E9EE-4893-B66F-3F13968E7EEB}.Release|x86.Build.0 = Release|Any CPU
		{35D90458-EFBF-4A38-9C1B-C513FAC6D4D7}.Debug|Any CPU.ActiveCfg = Debug|Win32
		{35D90458-EFBF-4A38-9C1B-C513FAC6D4D7}.Debug|x64.ActiveCfg = Debug|x64
		{35D90458-EFBF-4A38-9C1B-C513FAC6D4D7}.Debug|x64.Build.0 = Debug|x64
		{35D90458-EFBF-4A38-9C1B-C513FAC6D4D7}.Debug|x86.ActiveCfg = Debug|Win32
		{35D90458-EFBF-4A38-9C1B-C513FAC6D4D7}.Debug|x86.Build.0 = Debug|Win32
		{35D90458-EFBF-4A38-9C1B-C513FAC6D4D7}.Release|Any CPU.ActiveCfg = Release|Win32
		{35D90458-EFBF-4A38-9C1B-C513FAC6D4D7}.Release|x64.ActiveCfg = Release|x64
		{35D90458-EFBF-4A38-9C1B-C513FAC6D4D7}.Release|x64.Build.0 = Release|x64
		{35D90458-EFBF-4A38-9C1B-C513FAC6D4D7}.Release|x86.ActiveCfg = Release|Win32
		{35D90458-EFBF-4A38-9C1B-C513FAC6D4D7}.Release|x86.Build.0 = Release|Win32
		{B3359F05-68CF-4E7F-B9D6-D106F6D48A38}.Debug|Any CPU.ActiveCfg = Debug|Win32
		{B3359F05-68CF-4E7F-B9D6-D106F6D48A38}.Debug|x64.ActiveCfg = Debug|Win32
		{B3359F05-68CF-4E7F-B9D6-D106F6D48A38}.Debug|x86.ActiveCfg = Debug|Win32
		{B3359F05-68CF-4E7F-B9D6-D106F6D48A38}.Debug|x86.Build.0 = Debug|Win32
		{B3359F05-68CF-4E7F-B9D6-D106F6D48A38}.Release|Any CPU.ActiveCfg = Release|Win32
		{B3359F05-68CF-4E7F-B9D6-D106F6D48A38}.Release|x64.ActiveCfg = Release|Win32
		{B3359F05-68CF-4E7F-B9D6-D106F6D48A38}.Release|x86.ActiveCfg = Release|Win32
		{B3359F05-68CF-4E7F-B9D6-D106F6D48A38}.Release|x86.Build.0 = Release|Win32
	EndGlobalSection
	GlobalSection(SolutionProperties) = preSolution
		HideSolutionNode = FALSE
	EndGlobalSection
	GlobalSection(ExtensibilityGlobals) = postSolution
		SolutionGuid = {D9D907F5-35B3-4047-BBD6-207DA5AD7867}
	EndGlobalSection
EndGlobal
